
Microsoft Visual Studio Solution File, Format Version 12.00
# Visual Studio Version 16
VisualStudioVersion = 16.0.29424.173
MinimumVisualStudioVersion = 10.0.40219.1
Project("{9A19103F-16F7-4668-BE54-9A1E7A4F7556}") = "Int_Top", "Int_Top\Int_Top.csproj", "{0ADF3321-2E4B-4A96-AA1C-754CAD8FB0C9}"
EndProject
Project("{9A19103F-16F7-4668-BE54-9A1E7A4F7556}") = "Boolean_Top", "Boolean_Top\Boolean_Top.csproj", "{A9F063EF-FA96-4E5E-94FE-C839AD6B4EB3}"
EndProject
Project("{9A19103F-16F7-4668-BE54-9A1E7A4F7556}") = "IF_Top", "IF_Top\IF_Top.csproj", "{1EF36742-329E-4BF2-B8F9-ED8AE3F0937B}"
EndProject
Project("{9A19103F-16F7-4668-BE54-9A1E7A4F7556}") = "Case_Top", "Case_Top\Case_Top.csproj", "{9A0373AD-3188-43F1-B56F-181B23D02000}"
EndProject
Project("{9A19103F-16F7-4668-BE54-9A1E7A4F7556}") = "For_Top", "For_Top\For_Top.csproj", "{93B6A437-B248-409F-BE7B-4367045C7593}"
EndProject
Project("{9A19103F-16F7-4668-BE54-9A1E7A4F7556}") = "SqrtSearch_Class", "Sqrt_Class\SqrtSearch_Class.csproj", "{59913846-6EA8-41F1-AB9D-579850CFADE6}"
EndProject
Project("{FAE04EC0-301F-11D3-BF4B-00C04F79EFBC}") = "While_Top", "While_Top\While_Top.csproj", "{979415CA-A6BC-4A5D-B0BB-096E933DE028}"
EndProject
Global
	GlobalSection(SolutionConfigurationPlatforms) = preSolution
		Debug|Any CPU = Debug|Any CPU
		Release|Any CPU = Release|Any CPU
	EndGlobalSection
	GlobalSection(ProjectConfigurationPlatforms) = postSolution
		{0ADF3321-2E4B-4A96-AA1C-754CAD8FB0C9}.Debug|Any CPU.ActiveCfg = Debug|Any CPU
		{0ADF3321-2E4B-4A96-AA1C-754CAD8FB0C9}.Debug|Any CPU.Build.0 = Debug|Any CPU
		{0ADF3321-2E4B-4A96-AA1C-754CAD8FB0C9}.Release|Any CPU.ActiveCfg = Release|Any CPU
		{0ADF3321-2E4B-4A96-AA1C-754CAD8FB0C9}.Release|Any CPU.Build.0 = Release|Any CPU
		{A9F063EF-FA96-4E5E-94FE-C839AD6B4EB3}.Debug|Any CPU.ActiveCfg = Debug|Any CPU
		{A9F063EF-FA96-4E5E-94FE-C839AD6B4EB3}.Debug|Any CPU.Build.0 = Debug|Any CPU
		{A9F063EF-FA96-4E5E-94FE-C839AD6B4EB3}.Release|Any CPU.ActiveCfg = Release|Any CPU
		{A9F063EF-FA96-4E5E-94FE-C839AD6B4EB3}.Release|Any CPU.Build.0 = Release|Any CPU
		{1EF36742-329E-4BF2-B8F9-ED8AE3F0937B}.Debug|Any CPU.ActiveCfg = Debug|Any CPU
		{1EF36742-329E-4BF2-B8F9-ED8AE3F0937B}.Debug|Any CPU.Build.0 = Debug|Any CPU
		{1EF36742-329E-4BF2-B8F9-ED8AE3F0937B}.Release|Any CPU.ActiveCfg = Release|Any CPU
		{1EF36742-329E-4BF2-B8F9-ED8AE3F0937B}.Release|Any CPU.Build.0 = Release|Any CPU
		{9A0373AD-3188-43F1-B56F-181B23D02000}.Debug|Any CPU.ActiveCfg = Debug|Any CPU
		{9A0373AD-3188-43F1-B56F-181B23D02000}.Debug|Any CPU.Build.0 = Debug|Any CPU
		{9A0373AD-3188-43F1-B56F-181B23D02000}.Release|Any CPU.ActiveCfg = Release|Any CPU
		{9A0373AD-3188-43F1-B56F-181B23D02000}.Release|Any CPU.Build.0 = Release|Any CPU
		{93B6A437-B248-409F-BE7B-4367045C7593}.Debug|Any CPU.ActiveCfg = Debug|Any CPU
		{93B6A437-B248-409F-BE7B-4367045C7593}.Debug|Any CPU.Build.0 = Debug|Any CPU
		{93B6A437-B248-409F-BE7B-4367045C7593}.Release|Any CPU.ActiveCfg = Release|Any CPU
		{93B6A437-B248-409F-BE7B-4367045C7593}.Release|Any CPU.Build.0 = Release|Any CPU
		{59913846-6EA8-41F1-AB9D-579850CFADE6}.Debug|Any CPU.ActiveCfg = Debug|Any CPU
		{59913846-6EA8-41F1-AB9D-579850CFADE6}.Debug|Any CPU.Build.0 = Debug|Any CPU
		{59913846-6EA8-41F1-AB9D-579850CFADE6}.Release|Any CPU.ActiveCfg = Release|Any CPU
		{59913846-6EA8-41F1-AB9D-579850CFADE6}.Release|Any CPU.Build.0 = Release|Any CPU
		{979415CA-A6BC-4A5D-B0BB-096E933DE028}.Debug|Any CPU.ActiveCfg = Debug|Any CPU
		{979415CA-A6BC-4A5D-B0BB-096E933DE028}.Debug|Any CPU.Build.0 = Debug|Any CPU
		{979415CA-A6BC-4A5D-B0BB-096E933DE028}.Release|Any CPU.ActiveCfg = Release|Any CPU
		{979415CA-A6BC-4A5D-B0BB-096E933DE028}.Release|Any CPU.Build.0 = Release|Any CPU
	EndGlobalSection
	GlobalSection(SolutionProperties) = preSolution
		HideSolutionNode = FALSE
	EndGlobalSection
	GlobalSection(ExtensibilityGlobals) = postSolution
		SolutionGuid = {806D9909-5DED-4307-BE68-8522625BB33E}
	EndGlobalSection
EndGlobal
